// !$*UTF8*$!
{
	archiveVersion = 1;
	classes = {
	};
	objectVersion = 56;
	objects = {

/* Begin PBXBuildFile section */
		9C0E3E7C2CC12E1A004A9E75 /* Profile.storyboard in Resources */ = {isa = PBXBuildFile; fileRef = 9C0E3E7B2CC12E1A004A9E75 /* Profile.storyboard */; };
		9C0E3E7E2CC12F21004A9E75 /* ProfileViewController.swift in Sources */ = {isa = PBXBuildFile; fileRef = 9C0E3E7D2CC12F21004A9E75 /* ProfileViewController.swift */; };
		9C7E520B2BD060AE00F753D1 /* AppDelegate.swift in Sources */ = {isa = PBXBuildFile; fileRef = 9C7E520A2BD060AE00F753D1 /* AppDelegate.swift */; };
		9C7E520D2BD060AE00F753D1 /* SceneDelegate.swift in Sources */ = {isa = PBXBuildFile; fileRef = 9C7E520C2BD060AE00F753D1 /* SceneDelegate.swift */; };
		9C7E520F2BD060AE00F753D1 /* ImagesListViewController.swift in Sources */ = {isa = PBXBuildFile; fileRef = 9C7E520E2BD060AE00F753D1 /* ImagesListViewController.swift */; };
		9C7E52122BD060AE00F753D1 /* Base in Resources */ = {isa = PBXBuildFile; fileRef = 9C7E52112BD060AE00F753D1 /* Base */; };
		9C7E52152BD060AE00F753D1 /* ImageFeed.xcdatamodeld in Sources */ = {isa = PBXBuildFile; fileRef = 9C7E52132BD060AE00F753D1 /* ImageFeed.xcdatamodeld */; };
		9C7E52172BD060B000F753D1 /* Assets.xcassets in Resources */ = {isa = PBXBuildFile; fileRef = 9C7E52162BD060B000F753D1 /* Assets.xcassets */; };
		9C7E521A2BD060B000F753D1 /* Base in Resources */ = {isa = PBXBuildFile; fileRef = 9C7E52192BD060B000F753D1 /* Base */; };
		9C7E52252BD060B000F753D1 /* ImageFeedTests.swift in Sources */ = {isa = PBXBuildFile; fileRef = 9C7E52242BD060B000F753D1 /* ImageFeedTests.swift */; };
		9C7E522F2BD060B000F753D1 /* ImageFeedUITests.swift in Sources */ = {isa = PBXBuildFile; fileRef = 9C7E522E2BD060B000F753D1 /* ImageFeedUITests.swift */; };
		9C7E52312BD060B000F753D1 /* ImageFeedUITestsLaunchTests.swift in Sources */ = {isa = PBXBuildFile; fileRef = 9C7E52302BD060B000F753D1 /* ImageFeedUITestsLaunchTests.swift */; };
		9C7E52442BD0749B00F753D1 /* Main.storyboard in Resources */ = {isa = PBXBuildFile; fileRef = 9C7E52102BD060AE00F753D1 /* Main.storyboard */; };
		9C7E52452BD0750A00F753D1 /* LaunchScreen.storyboard in Resources */ = {isa = PBXBuildFile; fileRef = 9C7E52182BD060B000F753D1 /* LaunchScreen.storyboard */; };
		9C7E52472BD079B400F753D1 /* ImagesListPresenter.swift in Sources */ = {isa = PBXBuildFile; fileRef = 9C7E52462BD079B400F753D1 /* ImagesListPresenter.swift */; };
		9CEE781C2CC068CE001F8829 /* ImageList.swift in Sources */ = {isa = PBXBuildFile; fileRef = 9CEE781B2CC068CE001F8829 /* ImageList.swift */; };
/* End PBXBuildFile section */

/* Begin PBXContainerItemProxy section */
		9C7E52212BD060B000F753D1 /* PBXContainerItemProxy */ = {
			isa = PBXContainerItemProxy;
			containerPortal = 9C7E51FF2BD060AE00F753D1 /* Project object */;
			proxyType = 1;
			remoteGlobalIDString = 9C7E52062BD060AE00F753D1;
			remoteInfo = ImageFeed;
		};
		9C7E522B2BD060B000F753D1 /* PBXContainerItemProxy */ = {
			isa = PBXContainerItemProxy;
			containerPortal = 9C7E51FF2BD060AE00F753D1 /* Project object */;
			proxyType = 1;
			remoteGlobalIDString = 9C7E52062BD060AE00F753D1;
			remoteInfo = ImageFeed;
		};
/* End PBXContainerItemProxy section */

/* Begin PBXFileReference section */
		9C0E3E7B2CC12E1A004A9E75 /* Profile.storyboard */ = {isa = PBXFileReference; lastKnownFileType = file.storyboard; path = Profile.storyboard; sourceTree = "<group>"; };
		9C0E3E7D2CC12F21004A9E75 /* ProfileViewController.swift */ = {isa = PBXFileReference; lastKnownFileType = sourcecode.swift; path = ProfileViewController.swift; sourceTree = "<group>"; };
		9C7E52072BD060AE00F753D1 /* ImageFeed.app */ = {isa = PBXFileReference; explicitFileType = wrapper.application; includeInIndex = 0; path = ImageFeed.app; sourceTree = BUILT_PRODUCTS_DIR; };
		9C7E520A2BD060AE00F753D1 /* AppDelegate.swift */ = {isa = PBXFileReference; lastKnownFileType = sourcecode.swift; path = AppDelegate.swift; sourceTree = "<group>"; };
		9C7E520C2BD060AE00F753D1 /* SceneDelegate.swift */ = {isa = PBXFileReference; lastKnownFileType = sourcecode.swift; path = SceneDelegate.swift; sourceTree = "<group>"; };
		9C7E520E2BD060AE00F753D1 /* ImagesListViewController.swift */ = {isa = PBXFileReference; lastKnownFileType = sourcecode.swift; path = ImagesListViewController.swift; sourceTree = "<group>"; };
		9C7E52112BD060AE00F753D1 /* Base */ = {isa = PBXFileReference; lastKnownFileType = file.storyboard; name = Base; path = Base.lproj/Main.storyboard; sourceTree = "<group>"; };
		9C7E52142BD060AE00F753D1 /* ImageFeed.xcdatamodel */ = {isa = PBXFileReference; lastKnownFileType = wrapper.xcdatamodel; path = ImageFeed.xcdatamodel; sourceTree = "<group>"; };
		9C7E52162BD060B000F753D1 /* Assets.xcassets */ = {isa = PBXFileReference; lastKnownFileType = folder.assetcatalog; path = Assets.xcassets; sourceTree = "<group>"; };
		9C7E52192BD060B000F753D1 /* Base */ = {isa = PBXFileReference; lastKnownFileType = file.storyboard; name = Base; path = Base.lproj/LaunchScreen.storyboard; sourceTree = "<group>"; };
		9C7E521B2BD060B000F753D1 /* Info.plist */ = {isa = PBXFileReference; lastKnownFileType = text.plist.xml; path = Info.plist; sourceTree = "<group>"; };
		9C7E52202BD060B000F753D1 /* ImageFeedTests.xctest */ = {isa = PBXFileReference; explicitFileType = wrapper.cfbundle; includeInIndex = 0; path = ImageFeedTests.xctest; sourceTree = BUILT_PRODUCTS_DIR; };
		9C7E52242BD060B000F753D1 /* ImageFeedTests.swift */ = {isa = PBXFileReference; lastKnownFileType = sourcecode.swift; path = ImageFeedTests.swift; sourceTree = "<group>"; };
		9C7E522A2BD060B000F753D1 /* ImageFeedUITests.xctest */ = {isa = PBXFileReference; explicitFileType = wrapper.cfbundle; includeInIndex = 0; path = ImageFeedUITests.xctest; sourceTree = BUILT_PRODUCTS_DIR; };
		9C7E522E2BD060B000F753D1 /* ImageFeedUITests.swift */ = {isa = PBXFileReference; lastKnownFileType = sourcecode.swift; path = ImageFeedUITests.swift; sourceTree = "<group>"; };
		9C7E52302BD060B000F753D1 /* ImageFeedUITestsLaunchTests.swift */ = {isa = PBXFileReference; lastKnownFileType = sourcecode.swift; path = ImageFeedUITestsLaunchTests.swift; sourceTree = "<group>"; };
		9C7E523E2BD0685800F753D1 /* YS Display-Bold.ttf */ = {isa = PBXFileReference; lastKnownFileType = file; path = "YS Display-Bold.ttf"; sourceTree = "<group>"; };
		9C7E523F2BD0686200F753D1 /* YS Display-Medium.ttf */ = {isa = PBXFileReference; lastKnownFileType = file; path = "YS Display-Medium.ttf"; sourceTree = "<group>"; };
		9C7E52462BD079B400F753D1 /* ImagesListPresenter.swift */ = {isa = PBXFileReference; lastKnownFileType = sourcecode.swift; path = ImagesListPresenter.swift; sourceTree = "<group>"; };
		9CEE781B2CC068CE001F8829 /* ImageList.swift */ = {isa = PBXFileReference; lastKnownFileType = sourcecode.swift; path = ImageList.swift; sourceTree = "<group>"; };
/* End PBXFileReference section */

/* Begin PBXFrameworksBuildPhase section */
		9C7E52042BD060AE00F753D1 /* Frameworks */ = {
			isa = PBXFrameworksBuildPhase;
			buildActionMask = 2147483647;
			files = (
			);
			runOnlyForDeploymentPostprocessing = 0;
		};
		9C7E521D2BD060B000F753D1 /* Frameworks */ = {
			isa = PBXFrameworksBuildPhase;
			buildActionMask = 2147483647;
			files = (
			);
			runOnlyForDeploymentPostprocessing = 0;
		};
		9C7E52272BD060B000F753D1 /* Frameworks */ = {
			isa = PBXFrameworksBuildPhase;
			buildActionMask = 2147483647;
			files = (
			);
			runOnlyForDeploymentPostprocessing = 0;
		};
/* End PBXFrameworksBuildPhase section */

/* Begin PBXGroup section */
		9C0E3E7A2CC12E01004A9E75 /* Profile */ = {
			isa = PBXGroup;
			children = (
				9C0E3E7B2CC12E1A004A9E75 /* Profile.storyboard */,
				9C0E3E7D2CC12F21004A9E75 /* ProfileViewController.swift */,
			);
			path = Profile;
			sourceTree = "<group>";
		};
		9C7E51FE2BD060AE00F753D1 = {
			isa = PBXGroup;
			children = (
				9C7E52092BD060AE00F753D1 /* ImageFeed */,
				9C7E52232BD060B000F753D1 /* ImageFeedTests */,
				9C7E522D2BD060B000F753D1 /* ImageFeedUITests */,
				9C7E52082BD060AE00F753D1 /* Products */,
			);
			sourceTree = "<group>";
		};
		9C7E52082BD060AE00F753D1 /* Products */ = {
			isa = PBXGroup;
			children = (
				9C7E52072BD060AE00F753D1 /* ImageFeed.app */,
				9C7E52202BD060B000F753D1 /* ImageFeedTests.xctest */,
				9C7E522A2BD060B000F753D1 /* ImageFeedUITests.xctest */,
			);
			name = Products;
			sourceTree = "<group>";
		};
		9C7E52092BD060AE00F753D1 /* ImageFeed */ = {
			isa = PBXGroup;
			children = (
				9C7E520A2BD060AE00F753D1 /* AppDelegate.swift */,
				9C7E520C2BD060AE00F753D1 /* SceneDelegate.swift */,
				9C7E52412BD068A900F753D1 /* Presentation */,
				9C7E523D2BD0682500F753D1 /* Resources */,
				9C7E52132BD060AE00F753D1 /* ImageFeed.xcdatamodeld */,
			);
			path = ImageFeed;
			sourceTree = "<group>";
		};
		9C7E52232BD060B000F753D1 /* ImageFeedTests */ = {
			isa = PBXGroup;
			children = (
				9C7E52242BD060B000F753D1 /* ImageFeedTests.swift */,
			);
			path = ImageFeedTests;
			sourceTree = "<group>";
		};
		9C7E522D2BD060B000F753D1 /* ImageFeedUITests */ = {
			isa = PBXGroup;
			children = (
				9C7E522E2BD060B000F753D1 /* ImageFeedUITests.swift */,
				9C7E52302BD060B000F753D1 /* ImageFeedUITestsLaunchTests.swift */,
			);
			path = ImageFeedUITests;
			sourceTree = "<group>";
		};
		9C7E523D2BD0682500F753D1 /* Resources */ = {
			isa = PBXGroup;
			children = (
				9C7E52402BD0686600F753D1 /* Fonts */,
				9C7E52162BD060B000F753D1 /* Assets.xcassets */,
				9C7E52182BD060B000F753D1 /* LaunchScreen.storyboard */,
				9C7E521B2BD060B000F753D1 /* Info.plist */,
			);
			path = Resources;
			sourceTree = "<group>";
		};
		9C7E52402BD0686600F753D1 /* Fonts */ = {
			isa = PBXGroup;
			children = (
				9C7E523F2BD0686200F753D1 /* YS Display-Medium.ttf */,
				9C7E523E2BD0685800F753D1 /* YS Display-Bold.ttf */,
			);
			path = Fonts;
			sourceTree = "<group>";
		};
		9C7E52412BD068A900F753D1 /* Presentation */ = {
			isa = PBXGroup;
			children = (
				9C0E3E7A2CC12E01004A9E75 /* Profile */,
				9CEE781D2CC068D6001F8829 /* ImageList */,
				9C7E52422BD068B300F753D1 /* Main */,
			);
			path = Presentation;
			sourceTree = "<group>";
		};
		9C7E52422BD068B300F753D1 /* Main */ = {
			isa = PBXGroup;
			children = (
				9C7E52102BD060AE00F753D1 /* Main.storyboard */,
				9C7E52462BD079B400F753D1 /* ImagesListPresenter.swift */,
			);
			path = Main;
			sourceTree = "<group>";
		};
		9CEE781D2CC068D6001F8829 /* ImageList */ = {
			isa = PBXGroup;
			children = (
				9CEE781B2CC068CE001F8829 /* ImageList.swift */,
				9C7E520E2BD060AE00F753D1 /* ImagesListViewController.swift */,
			);
			path = ImageList;
			sourceTree = "<group>";
		};
/* End PBXGroup section */

/* Begin PBXNativeTarget section */
		9C7E52062BD060AE00F753D1 /* ImageFeed */ = {
			isa = PBXNativeTarget;
			buildConfigurationList = 9C7E52342BD060B000F753D1 /* Build configuration list for PBXNativeTarget "ImageFeed" */;
			buildPhases = (
				9C7E52032BD060AE00F753D1 /* Sources */,
				9C7E52042BD060AE00F753D1 /* Frameworks */,
				9C7E52052BD060AE00F753D1 /* Resources */,
			);
			buildRules = (
			);
			dependencies = (
			);
			name = ImageFeed;
			productName = ImageFeed;
			productReference = 9C7E52072BD060AE00F753D1 /* ImageFeed.app */;
			productType = "com.apple.product-type.application";
		};
		9C7E521F2BD060B000F753D1 /* ImageFeedTests */ = {
			isa = PBXNativeTarget;
			buildConfigurationList = 9C7E52372BD060B000F753D1 /* Build configuration list for PBXNativeTarget "ImageFeedTests" */;
			buildPhases = (
				9C7E521C2BD060B000F753D1 /* Sources */,
				9C7E521D2BD060B000F753D1 /* Frameworks */,
				9C7E521E2BD060B000F753D1 /* Resources */,
			);
			buildRules = (
			);
			dependencies = (
				9C7E52222BD060B000F753D1 /* PBXTargetDependency */,
			);
			name = ImageFeedTests;
			productName = ImageFeedTests;
			productReference = 9C7E52202BD060B000F753D1 /* ImageFeedTests.xctest */;
			productType = "com.apple.product-type.bundle.unit-test";
		};
		9C7E52292BD060B000F753D1 /* ImageFeedUITests */ = {
			isa = PBXNativeTarget;
			buildConfigurationList = 9C7E523A2BD060B000F753D1 /* Build configuration list for PBXNativeTarget "ImageFeedUITests" */;
			buildPhases = (
				9C7E52262BD060B000F753D1 /* Sources */,
				9C7E52272BD060B000F753D1 /* Frameworks */,
				9C7E52282BD060B000F753D1 /* Resources */,
			);
			buildRules = (
			);
			dependencies = (
				9C7E522C2BD060B000F753D1 /* PBXTargetDependency */,
			);
			name = ImageFeedUITests;
			productName = ImageFeedUITests;
			productReference = 9C7E522A2BD060B000F753D1 /* ImageFeedUITests.xctest */;
			productType = "com.apple.product-type.bundle.ui-testing";
		};
/* End PBXNativeTarget section */

/* Begin PBXProject section */
		9C7E51FF2BD060AE00F753D1 /* Project object */ = {
			isa = PBXProject;
			attributes = {
				BuildIndependentTargetsInParallel = 1;
				LastSwiftUpdateCheck = 1530;
				LastUpgradeCheck = 1530;
				TargetAttributes = {
					9C7E52062BD060AE00F753D1 = {
						CreatedOnToolsVersion = 15.3;
					};
					9C7E521F2BD060B000F753D1 = {
						CreatedOnToolsVersion = 15.3;
						TestTargetID = 9C7E52062BD060AE00F753D1;
					};
					9C7E52292BD060B000F753D1 = {
						CreatedOnToolsVersion = 15.3;
						TestTargetID = 9C7E52062BD060AE00F753D1;
					};
				};
			};
			buildConfigurationList = 9C7E52022BD060AE00F753D1 /* Build configuration list for PBXProject "ImageFeed" */;
			compatibilityVersion = "Xcode 14.0";
			developmentRegion = en;
			hasScannedForEncodings = 0;
			knownRegions = (
				en,
				Base,
			);
			mainGroup = 9C7E51FE2BD060AE00F753D1;
			productRefGroup = 9C7E52082BD060AE00F753D1 /* Products */;
			projectDirPath = "";
			projectRoot = "";
			targets = (
				9C7E52062BD060AE00F753D1 /* ImageFeed */,
				9C7E521F2BD060B000F753D1 /* ImageFeedTests */,
				9C7E52292BD060B000F753D1 /* ImageFeedUITests */,
			);
		};
/* End PBXProject section */

/* Begin PBXResourcesBuildPhase section */
		9C7E52052BD060AE00F753D1 /* Resources */ = {
			isa = PBXResourcesBuildPhase;
			buildActionMask = 2147483647;
			files = (
				9C0E3E7C2CC12E1A004A9E75 /* Profile.storyboard in Resources */,
				9C7E52172BD060B000F753D1 /* Assets.xcassets in Resources */,
				9C7E521A2BD060B000F753D1 /* Base in Resources */,
				9C7E52122BD060AE00F753D1 /* Base in Resources */,
				9C7E52452BD0750A00F753D1 /* LaunchScreen.storyboard in Resources */,
				9C7E52442BD0749B00F753D1 /* Main.storyboard in Resources */,
			);
			runOnlyForDeploymentPostprocessing = 0;
		};
		9C7E521E2BD060B000F753D1 /* Resources */ = {
			isa = PBXResourcesBuildPhase;
			buildActionMask = 2147483647;
			files = (
			);
			runOnlyForDeploymentPostprocessing = 0;
		};
		9C7E52282BD060B000F753D1 /* Resources */ = {
			isa = PBXResourcesBuildPhase;
			buildActionMask = 2147483647;
			files = (
			);
			runOnlyForDeploymentPostprocessing = 0;
		};
/* End PBXResourcesBuildPhase section */

/* Begin PBXSourcesBuildPhase section */
		9C7E52032BD060AE00F753D1 /* Sources */ = {
			isa = PBXSourcesBuildPhase;
			buildActionMask = 2147483647;
			files = (
				9C7E520F2BD060AE00F753D1 /* ImagesListViewController.swift in Sources */,
				9C7E52152BD060AE00F753D1 /* ImageFeed.xcdatamodeld in Sources */,
				9C7E520B2BD060AE00F753D1 /* AppDelegate.swift in Sources */,
				9CEE781C2CC068CE001F8829 /* ImageList.swift in Sources */,
				9C0E3E7E2CC12F21004A9E75 /* ProfileViewController.swift in Sources */,
				9C7E52472BD079B400F753D1 /* ImagesListPresenter.swift in Sources */,
				9C7E520D2BD060AE00F753D1 /* SceneDelegate.swift in Sources */,
			);
			runOnlyForDeploymentPostprocessing = 0;
		};
		9C7E521C2BD060B000F753D1 /* Sources */ = {
			isa = PBXSourcesBuildPhase;
			buildActionMask = 2147483647;
			files = (
				9C7E52252BD060B000F753D1 /* ImageFeedTests.swift in Sources */,
			);
			runOnlyForDeploymentPostprocessing = 0;
		};
		9C7E52262BD060B000F753D1 /* Sources */ = {
			isa = PBXSourcesBuildPhase;
			buildActionMask = 2147483647;
			files = (
				9C7E52312BD060B000F753D1 /* ImageFeedUITestsLaunchTests.swift in Sources */,
				9C7E522F2BD060B000F753D1 /* ImageFeedUITests.swift in Sources */,
			);
			runOnlyForDeploymentPostprocessing = 0;
		};
/* End PBXSourcesBuildPhase section */

/* Begin PBXTargetDependency section */
		9C7E52222BD060B000F753D1 /* PBXTargetDependency */ = {
			isa = PBXTargetDependency;
			target = 9C7E52062BD060AE00F753D1 /* ImageFeed */;
			targetProxy = 9C7E52212BD060B000F753D1 /* PBXContainerItemProxy */;
		};
		9C7E522C2BD060B000F753D1 /* PBXTargetDependency */ = {
			isa = PBXTargetDependency;
			target = 9C7E52062BD060AE00F753D1 /* ImageFeed */;
			targetProxy = 9C7E522B2BD060B000F753D1 /* PBXContainerItemProxy */;
		};
/* End PBXTargetDependency section */

/* Begin PBXVariantGroup section */
		9C7E52102BD060AE00F753D1 /* Main.storyboard */ = {
			isa = PBXVariantGroup;
			children = (
				9C7E52112BD060AE00F753D1 /* Base */,
			);
			name = Main.storyboard;
			sourceTree = "<group>";
		};
		9C7E52182BD060B000F753D1 /* LaunchScreen.storyboard */ = {
			isa = PBXVariantGroup;
			children = (
				9C7E52192BD060B000F753D1 /* Base */,
			);
			name = LaunchScreen.storyboard;
			sourceTree = "<group>";
		};
/* End PBXVariantGroup section */

/* Begin XCBuildConfiguration section */
		9C7E52322BD060B000F753D1 /* Debug */ = {
			isa = XCBuildConfiguration;
			buildSettings = {
				ALWAYS_SEARCH_USER_PATHS = NO;
				ASSETCATALOG_COMPILER_GENERATE_SWIFT_ASSET_SYMBOL_EXTENSIONS = YES;
				CLANG_ANALYZER_NONNULL = YES;
				CLANG_ANALYZER_NUMBER_OBJECT_CONVERSION = YES_AGGRESSIVE;
				CLANG_CXX_LANGUAGE_STANDARD = "gnu++20";
				CLANG_ENABLE_MODULES = YES;
				CLANG_ENABLE_OBJC_ARC = YES;
				CLANG_ENABLE_OBJC_WEAK = YES;
				CLANG_WARN_BLOCK_CAPTURE_AUTORELEASING = YES;
				CLANG_WARN_BOOL_CONVERSION = YES;
				CLANG_WARN_COMMA = YES;
				CLANG_WARN_CONSTANT_CONVERSION = YES;
				CLANG_WARN_DEPRECATED_OBJC_IMPLEMENTATIONS = YES;
				CLANG_WARN_DIRECT_OBJC_ISA_USAGE = YES_ERROR;
				CLANG_WARN_DOCUMENTATION_COMMENTS = YES;
				CLANG_WARN_EMPTY_BODY = YES;
				CLANG_WARN_ENUM_CONVERSION = YES;
				CLANG_WARN_INFINITE_RECURSION = YES;
				CLANG_WARN_INT_CONVERSION = YES;
				CLANG_WARN_NON_LITERAL_NULL_CONVERSION = YES;
				CLANG_WARN_OBJC_IMPLICIT_RETAIN_SELF = YES;
				CLANG_WARN_OBJC_LITERAL_CONVERSION = YES;
				CLANG_WARN_OBJC_ROOT_CLASS = YES_ERROR;
				CLANG_WARN_QUOTED_INCLUDE_IN_FRAMEWORK_HEADER = YES;
				CLANG_WARN_RANGE_LOOP_ANALYSIS = YES;
				CLANG_WARN_STRICT_PROTOTYPES = YES;
				CLANG_WARN_SUSPICIOUS_MOVE = YES;
				CLANG_WARN_UNGUARDED_AVAILABILITY = YES_AGGRESSIVE;
				CLANG_WARN_UNREACHABLE_CODE = YES;
				CLANG_WARN__DUPLICATE_METHOD_MATCH = YES;
				COPY_PHASE_STRIP = NO;
				DEBUG_INFORMATION_FORMAT = dwarf;
				ENABLE_STRICT_OBJC_MSGSEND = YES;
				ENABLE_TESTABILITY = YES;
				ENABLE_USER_SCRIPT_SANDBOXING = YES;
				GCC_C_LANGUAGE_STANDARD = gnu17;
				GCC_DYNAMIC_NO_PIC = NO;
				GCC_NO_COMMON_BLOCKS = YES;
				GCC_OPTIMIZATION_LEVEL = 0;
				GCC_PREPROCESSOR_DEFINITIONS = (
					"DEBUG=1",
					"$(inherited)",
				);
				GCC_WARN_64_TO_32_BIT_CONVERSION = YES;
				GCC_WARN_ABOUT_RETURN_TYPE = YES_ERROR;
				GCC_WARN_UNDECLARED_SELECTOR = YES;
				GCC_WARN_UNINITIALIZED_AUTOS = YES_AGGRESSIVE;
				GCC_WARN_UNUSED_FUNCTION = YES;
				GCC_WARN_UNUSED_VARIABLE = YES;
				IPHONEOS_DEPLOYMENT_TARGET = 17.4;
				LOCALIZATION_PREFERS_STRING_CATALOGS = YES;
				MTL_ENABLE_DEBUG_INFO = INCLUDE_SOURCE;
				MTL_FAST_MATH = YES;
				ONLY_ACTIVE_ARCH = YES;
				SDKROOT = iphoneos;
				SWIFT_ACTIVE_COMPILATION_CONDITIONS = "DEBUG $(inherited)";
				SWIFT_OPTIMIZATION_LEVEL = "-Onone";
			};
			name = Debug;
		};
		9C7E52332BD060B000F753D1 /* Release */ = {
			isa = XCBuildConfiguration;
			buildSettings = {
				ALWAYS_SEARCH_USER_PATHS = NO;
				ASSETCATALOG_COMPILER_GENERATE_SWIFT_ASSET_SYMBOL_EXTENSIONS = YES;
				CLANG_ANALYZER_NONNULL = YES;
				CLANG_ANALYZER_NUMBER_OBJECT_CONVERSION = YES_AGGRESSIVE;
				CLANG_CXX_LANGUAGE_STANDARD = "gnu++20";
				CLANG_ENABLE_MODULES = YES;
				CLANG_ENABLE_OBJC_ARC = YES;
				CLANG_ENABLE_OBJC_WEAK = YES;
				CLANG_WARN_BLOCK_CAPTURE_AUTORELEASING = YES;
				CLANG_WARN_BOOL_CONVERSION = YES;
				CLANG_WARN_COMMA = YES;
				CLANG_WARN_CONSTANT_CONVERSION = YES;
				CLANG_WARN_DEPRECATED_OBJC_IMPLEMENTATIONS = YES;
				CLANG_WARN_DIRECT_OBJC_ISA_USAGE = YES_ERROR;
				CLANG_WARN_DOCUMENTATION_COMMENTS = YES;
				CLANG_WARN_EMPTY_BODY = YES;
				CLANG_WARN_ENUM_CONVERSION = YES;
				CLANG_WARN_INFINITE_RECURSION = YES;
				CLANG_WARN_INT_CONVERSION = YES;
				CLANG_WARN_NON_LITERAL_NULL_CONVERSION = YES;
				CLANG_WARN_OBJC_IMPLICIT_RETAIN_SELF = YES;
				CLANG_WARN_OBJC_LITERAL_CONVERSION = YES;
				CLANG_WARN_OBJC_ROOT_CLASS = YES_ERROR;
				CLANG_WARN_QUOTED_INCLUDE_IN_FRAMEWORK_HEADER = YES;
				CLANG_WARN_RANGE_LOOP_ANALYSIS = YES;
				CLANG_WARN_STRICT_PROTOTYPES = YES;
				CLANG_WARN_SUSPICIOUS_MOVE = YES;
				CLANG_WARN_UNGUARDED_AVAILABILITY = YES_AGGRESSIVE;
				CLANG_WARN_UNREACHABLE_CODE = YES;
				CLANG_WARN__DUPLICATE_METHOD_MATCH = YES;
				COPY_PHASE_STRIP = NO;
				DEBUG_INFORMATION_FORMAT = "dwarf-with-dsym";
				ENABLE_NS_ASSERTIONS = NO;
				ENABLE_STRICT_OBJC_MSGSEND = YES;
				ENABLE_USER_SCRIPT_SANDBOXING = YES;
				GCC_C_LANGUAGE_STANDARD = gnu17;
				GCC_NO_COMMON_BLOCKS = YES;
				GCC_WARN_64_TO_32_BIT_CONVERSION = YES;
				GCC_WARN_ABOUT_RETURN_TYPE = YES_ERROR;
				GCC_WARN_UNDECLARED_SELECTOR = YES;
				GCC_WARN_UNINITIALIZED_AUTOS = YES_AGGRESSIVE;
				GCC_WARN_UNUSED_FUNCTION = YES;
				GCC_WARN_UNUSED_VARIABLE = YES;
				IPHONEOS_DEPLOYMENT_TARGET = 17.4;
				LOCALIZATION_PREFERS_STRING_CATALOGS = YES;
				MTL_ENABLE_DEBUG_INFO = NO;
				MTL_FAST_MATH = YES;
				SDKROOT = iphoneos;
				SWIFT_COMPILATION_MODE = wholemodule;
				VALIDATE_PRODUCT = YES;
			};
			name = Release;
		};
		9C7E52352BD060B000F753D1 /* Debug */ = {
			isa = XCBuildConfiguration;
			buildSettings = {
				ASSETCATALOG_COMPILER_APPICON_NAME = AppIcon;
				ASSETCATALOG_COMPILER_GLOBAL_ACCENT_COLOR_NAME = AccentColor;
				CODE_SIGN_STYLE = Automatic;
				CURRENT_PROJECT_VERSION = 1;
				DEVELOPMENT_TEAM = 549Q32GUYU;
				GENERATE_INFOPLIST_FILE = YES;
				INFOPLIST_FILE = ImageFeed/Resources/Info.plist;
				INFOPLIST_KEY_UIApplicationSupportsIndirectInputEvents = YES;
				INFOPLIST_KEY_UILaunchStoryboardName = LaunchScreen;
				INFOPLIST_KEY_UIMainStoryboardFile = Main;
				INFOPLIST_KEY_UISupportedInterfaceOrientations = UIInterfaceOrientationPortrait;
				INFOPLIST_KEY_UISupportedInterfaceOrientations_iPad = "UIInterfaceOrientationLandscapeLeft UIInterfaceOrientationLandscapeRight UIInterfaceOrientationPortrait UIInterfaceOrientationPortraitUpsideDown";
				IPHONEOS_DEPLOYMENT_TARGET = 13.0;
				LD_RUNPATH_SEARCH_PATHS = (
					"$(inherited)",
					"@executable_path/Frameworks",
				);
				MARKETING_VERSION = 1.0;
				PRODUCT_BUNDLE_IDENTIFIER = ru.dazevich.ImageFeed;
				PRODUCT_NAME = "$(TARGET_NAME)";
				SUPPORTED_PLATFORMS = "iphoneos iphonesimulator";
				SUPPORTS_MACCATALYST = NO;
				SUPPORTS_MAC_DESIGNED_FOR_IPHONE_IPAD = NO;
				SUPPORTS_XR_DESIGNED_FOR_IPHONE_IPAD = NO;
				SWIFT_EMIT_LOC_STRINGS = YES;
				SWIFT_VERSION = 5.0;
				TARGETED_DEVICE_FAMILY = 1;
			};
			name = Debug;
		};
		9C7E52362BD060B000F753D1 /* Release */ = {
			isa = XCBuildConfiguration;
			buildSettings = {
				ASSETCATALOG_COMPILER_APPICON_NAME = AppIcon;
				ASSETCATALOG_COMPILER_GLOBAL_ACCENT_COLOR_NAME = AccentColor;
				CODE_SIGN_STYLE = Automatic;
				CURRENT_PROJECT_VERSION = 1;
				DEVELOPMENT_TEAM = 549Q32GUYU;
				GENERATE_INFOPLIST_FILE = YES;
				INFOPLIST_FILE = ImageFeed/Resources/Info.plist;
				INFOPLIST_KEY_UIApplicationSupportsIndirectInputEvents = YES;
				INFOPLIST_KEY_UILaunchStoryboardName = LaunchScreen;
				INFOPLIST_KEY_UIMainStoryboardFile = Main;
				INFOPLIST_KEY_UISupportedInterfaceOrientations = UIInterfaceOrientationPortrait;
				INFOPLIST_KEY_UISupportedInterfaceOrientations_iPad = "UIInterfaceOrientationLandscapeLeft UIInterfaceOrientationLandscapeRight UIInterfaceOrientationPortrait UIInterfaceOrientationPortraitUpsideDown";
				IPHONEOS_DEPLOYMENT_TARGET = 13.0;
				LD_RUNPATH_SEARCH_PATHS = (
					"$(inherited)",
					"@executable_path/Frameworks",
				);
				MARKETING_VERSION = 1.0;
				PRODUCT_BUNDLE_IDENTIFIER = ru.dazevich.ImageFeed;
				PRODUCT_NAME = "$(TARGET_NAME)";
				SUPPORTED_PLATFORMS = "iphoneos iphonesimulator";
				SUPPORTS_MACCATALYST = NO;
				SUPPORTS_MAC_DESIGNED_FOR_IPHONE_IPAD = NO;
				SUPPORTS_XR_DESIGNED_FOR_IPHONE_IPAD = NO;
				SWIFT_EMIT_LOC_STRINGS = YES;
				SWIFT_VERSION = 5.0;
				TARGETED_DEVICE_FAMILY = 1;
			};
			name = Release;
		};
		9C7E52382BD060B000F753D1 /* Debug */ = {
			isa = XCBuildConfiguration;
			buildSettings = {
				ALWAYS_EMBED_SWIFT_STANDARD_LIBRARIES = YES;
				BUNDLE_LOADER = "$(TEST_HOST)";
				CODE_SIGN_STYLE = Automatic;
				CURRENT_PROJECT_VERSION = 1;
				DEVELOPMENT_TEAM = 549Q32GUYU;
				GENERATE_INFOPLIST_FILE = YES;
				IPHONEOS_DEPLOYMENT_TARGET = 17.4;
				MARKETING_VERSION = 1.0;
				PRODUCT_BUNDLE_IDENTIFIER = ru.yandex.practicum.ImageFeedTests;
				PRODUCT_NAME = "$(TARGET_NAME)";
				SWIFT_EMIT_LOC_STRINGS = NO;
				SWIFT_VERSION = 5.0;
				TARGETED_DEVICE_FAMILY = "1,2";
				TEST_HOST = "$(BUILT_PRODUCTS_DIR)/ImageFeed.app/$(BUNDLE_EXECUTABLE_FOLDER_PATH)/ImageFeed";
			};
			name = Debug;
		};
		9C7E52392BD060B000F753D1 /* Release */ = {
			isa = XCBuildConfiguration;
			buildSettings = {
				ALWAYS_EMBED_SWIFT_STANDARD_LIBRARIES = YES;
				BUNDLE_LOADER = "$(TEST_HOST)";
				CODE_SIGN_STYLE = Automatic;
				CURRENT_PROJECT_VERSION = 1;
				DEVELOPMENT_TEAM = 549Q32GUYU;
				GENERATE_INFOPLIST_FILE = YES;
				IPHONEOS_DEPLOYMENT_TARGET = 17.4;
				MARKETING_VERSION = 1.0;
				PRODUCT_BUNDLE_IDENTIFIER = ru.yandex.practicum.ImageFeedTests;
				PRODUCT_NAME = "$(TARGET_NAME)";
				SWIFT_EMIT_LOC_STRINGS = NO;
				SWIFT_VERSION = 5.0;
				TARGETED_DEVICE_FAMILY = "1,2";
				TEST_HOST = "$(BUILT_PRODUCTS_DIR)/ImageFeed.app/$(BUNDLE_EXECUTABLE_FOLDER_PATH)/ImageFeed";
			};
			name = Release;
		};
		9C7E523B2BD060B000F753D1 /* Debug */ = {
			isa = XCBuildConfiguration;
			buildSettings = {
				ALWAYS_EMBED_SWIFT_STANDARD_LIBRARIES = YES;
				CODE_SIGN_STYLE = Automatic;
				CURRENT_PROJECT_VERSION = 1;
				DEVELOPMENT_TEAM = 549Q32GUYU;
				GENERATE_INFOPLIST_FILE = YES;
				MARKETING_VERSION = 1.0;
				PRODUCT_BUNDLE_IDENTIFIER = ru.yandex.practicum.ImageFeedUITests;
				PRODUCT_NAME = "$(TARGET_NAME)";
				SWIFT_EMIT_LOC_STRINGS = NO;
				SWIFT_VERSION = 5.0;
				TARGETED_DEVICE_FAMILY = "1,2";
				TEST_TARGET_NAME = ImageFeed;
			};
			name = Debug;
		};
		9C7E523C2BD060B000F753D1 /* Release */ = {
			isa = XCBuildConfiguration;
			buildSettings = {
				ALWAYS_EMBED_SWIFT_STANDARD_LIBRARIES = YES;
				CODE_SIGN_STYLE = Automatic;
				CURRENT_PROJECT_VERSION = 1;
				DEVELOPMENT_TEAM = 549Q32GUYU;
				GENERATE_INFOPLIST_FILE = YES;
				MARKETING_VERSION = 1.0;
				PRODUCT_BUNDLE_IDENTIFIER = ru.yandex.practicum.ImageFeedUITests;
				PRODUCT_NAME = "$(TARGET_NAME)";
				SWIFT_EMIT_LOC_STRINGS = NO;
				SWIFT_VERSION = 5.0;
				TARGETED_DEVICE_FAMILY = "1,2";
				TEST_TARGET_NAME = ImageFeed;
			};
			name = Release;
		};
/* End XCBuildConfiguration section */

/* Begin XCConfigurationList section */
		9C7E52022BD060AE00F753D1 /* Build configuration list for PBXProject "ImageFeed" */ = {
			isa = XCConfigurationList;
			buildConfigurations = (
				9C7E52322BD060B000F753D1 /* Debug */,
				9C7E52332BD060B000F753D1 /* Release */,
			);
			defaultConfigurationIsVisible = 0;
			defaultConfigurationName = Release;
		};
		9C7E52342BD060B000F753D1 /* Build configuration list for PBXNativeTarget "ImageFeed" */ = {
			isa = XCConfigurationList;
			buildConfigurations = (
				9C7E52352BD060B000F753D1 /* Debug */,
				9C7E52362BD060B000F753D1 /* Release */,
			);
			defaultConfigurationIsVisible = 0;
			defaultConfigurationName = Release;
		};
		9C7E52372BD060B000F753D1 /* Build configuration list for PBXNativeTarget "ImageFeedTests" */ = {
			isa = XCConfigurationList;
			buildConfigurations = (
				9C7E52382BD060B000F753D1 /* Debug */,
				9C7E52392BD060B000F753D1 /* Release */,
			);
			defaultConfigurationIsVisible = 0;
			defaultConfigurationName = Release;
		};
		9C7E523A2BD060B000F753D1 /* Build configuration list for PBXNativeTarget "ImageFeedUITests" */ = {
			isa = XCConfigurationList;
			buildConfigurations = (
				9C7E523B2BD060B000F753D1 /* Debug */,
				9C7E523C2BD060B000F753D1 /* Release */,
			);
			defaultConfigurationIsVisible = 0;
			defaultConfigurationName = Release;
		};
/* End XCConfigurationList section */

/* Begin XCVersionGroup section */
		9C7E52132BD060AE00F753D1 /* ImageFeed.xcdatamodeld */ = {
			isa = XCVersionGroup;
			children = (
				9C7E52142BD060AE00F753D1 /* ImageFeed.xcdatamodel */,
			);
			currentVersion = 9C7E52142BD060AE00F753D1 /* ImageFeed.xcdatamodel */;
			path = ImageFeed.xcdatamodeld;
			sourceTree = "<group>";
			versionGroupType = wrapper.xcdatamodel;
		};
/* End XCVersionGroup section */
	};
	rootObject = 9C7E51FF2BD060AE00F753D1 /* Project object */;
}
